
Microsoft Visual Studio Solution File, Format Version 12.00
# Visual Studio Version 16
VisualStudioVersion = 16.0.28803.202
MinimumVisualStudioVersion = 10.0.40219.1
Project("{FAE04EC0-301F-11D3-BF4B-00C04F79EFBC}") = "RepairFlatWPF", "RepairFlatWPF\RepairFlatWPF.csproj", "{4821C26A-DE7C-4CCB-B0F7-21551C084354}"
EndProject
Project("{FAE04EC0-301F-11D3-BF4B-00C04F79EFBC}") = "RepairFlatRestApi", "RepairFlatRestApi\RepairFlatRestApi.csproj", "{B5BACDCC-F448-49E5-A0C9-E95BF8F7DC72}"
EndProject
Global
	GlobalSection(SolutionConfigurationPlatforms) = preSolution
		Debug|Any CPU = Debug|Any CPU
		Release|Any CPU = Release|Any CPU
	EndGlobalSection
	GlobalSection(ProjectConfigurationPlatforms) = postSolution
		{4821C26A-DE7C-4CCB-B0F7-21551C084354}.Debug|Any CPU.ActiveCfg = Debug|Any CPU
		{4821C26A-DE7C-4CCB-B0F7-21551C084354}.Debug|Any CPU.Build.0 = Debug|Any CPU
		{4821C26A-DE7C-4CCB-B0F7-21551C084354}.Release|Any CPU.ActiveCfg = Release|Any CPU
		{4821C26A-DE7C-4CCB-B0F7-21551C084354}.Release|Any CPU.Build.0 = Release|Any CPU
		{B5BACDCC-F448-49E5-A0C9-E95BF8F7DC72}.Debug|Any CPU.ActiveCfg = Debug|Any CPU
		{B5BACDCC-F448-49E5-A0C9-E95BF8F7DC72}.Debug|Any CPU.Build.0 = Debug|Any CPU
		{B5BACDCC-F448-49E5-A0C9-E95BF8F7DC72}.Release|Any CPU.ActiveCfg = Release|Any CPU
		{B5BACDCC-F448-49E5-A0C9-E95BF8F7DC72}.Release|Any CPU.Build.0 = Release|Any CPU
	EndGlobalSection
	GlobalSection(SolutionProperties) = preSolution
		HideSolutionNode = FALSE
	EndGlobalSection
	GlobalSection(ExtensibilityGlobals) = postSolution
		SolutionGuid = {812BD0B6-F91E-4146-BBB3-F9E653FA5EB5}
	EndGlobalSection
EndGlobal
